
Microsoft Visual Studio Solution File, Format Version 12.00
# Visual Studio 15
VisualStudioVersion = 15.0.28307.168
MinimumVisualStudioVersion = 10.0.40219.1
Project("{FAE04EC0-301F-11D3-BF4B-00C04F79EFBC}") = "4-10 ecommerce (core)", "4-10 ecommerce (core)\4-10 ecommerce (core).csproj", "{B343DAF5-C522-481A-A53F-48C063F4DF3F}"
EndProject
Project("{FAE04EC0-301F-11D3-BF4B-00C04F79EFBC}") = "ecommerce.data", "ecommerce.data\ecommerce.data.csproj", "{178EDC41-318E-41A3-912A-617FAF2ED84F}"
EndProject
Global
	GlobalSection(SolutionConfigurationPlatforms) = preSolution
		Debug|Any CPU = Debug|Any CPU
		Release|Any CPU = Release|Any CPU
	EndGlobalSection
	GlobalSection(ProjectConfigurationPlatforms) = postSolution
		{B343DAF5-C522-481A-A53F-48C063F4DF3F}.Debug|Any CPU.ActiveCfg = Debug|Any CPU
		{B343DAF5-C522-481A-A53F-48C063F4DF3F}.Debug|Any CPU.Build.0 = Debug|Any CPU
		{B343DAF5-C522-481A-A53F-48C063F4DF3F}.Release|Any CPU.ActiveCfg = Release|Any CPU
		{B343DAF5-C522-481A-A53F-48C063F4DF3F}.Release|Any CPU.Build.0 = Release|Any CPU
		{178EDC41-318E-41A3-912A-617FAF2ED84F}.Debug|Any CPU.ActiveCfg = Debug|Any CPU
		{178EDC41-318E-41A3-912A-617FAF2ED84F}.Debug|Any CPU.Build.0 = Debug|Any CPU
		{178EDC41-318E-41A3-912A-617FAF2ED84F}.Release|Any CPU.ActiveCfg = Release|Any CPU
		{178EDC41-318E-41A3-912A-617FAF2ED84F}.Release|Any CPU.Build.0 = Release|Any CPU
	EndGlobalSection
	GlobalSection(SolutionProperties) = preSolution
		HideSolutionNode = FALSE
	EndGlobalSection
	GlobalSection(ExtensibilityGlobals) = postSolution
		SolutionGuid = {325185EF-680C-490F-B741-2337C353720A}
	EndGlobalSection
EndGlobal
